// !$*UTF8*$!
{
	archiveVersion = 1;
	classes = {
	};
	objectVersion = 55;
	objects = {

/* Begin PBXBuildFile section */
		7A0C0B0B27F2561600567393 /* AppDelegate.swift in Sources */ = {isa = PBXBuildFile; fileRef = 7A0C0B0A27F2561600567393 /* AppDelegate.swift */; };
		7A0C0B0D27F2561600567393 /* SceneDelegate.swift in Sources */ = {isa = PBXBuildFile; fileRef = 7A0C0B0C27F2561600567393 /* SceneDelegate.swift */; };
		7A0C0B0F27F2561600567393 /* ViewController.swift in Sources */ = {isa = PBXBuildFile; fileRef = 7A0C0B0E27F2561600567393 /* ViewController.swift */; };
		7A0C0B1227F2561600567393 /* Main.storyboard in Resources */ = {isa = PBXBuildFile; fileRef = 7A0C0B1027F2561600567393 /* Main.storyboard */; };
		7A0C0B1427F2561600567393 /* Assets.xcassets in Resources */ = {isa = PBXBuildFile; fileRef = 7A0C0B1327F2561600567393 /* Assets.xcassets */; };
		7A0C0B1727F2561600567393 /* LaunchScreen.storyboard in Resources */ = {isa = PBXBuildFile; fileRef = 7A0C0B1527F2561600567393 /* LaunchScreen.storyboard */; };
		7A0C0B2227F2561600567393 /* PoppyTests.swift in Sources */ = {isa = PBXBuildFile; fileRef = 7A0C0B2127F2561600567393 /* PoppyTests.swift */; };
		7A0C0B2C27F2561600567393 /* PoppyUITests.swift in Sources */ = {isa = PBXBuildFile; fileRef = 7A0C0B2B27F2561600567393 /* PoppyUITests.swift */; };
		7A0C0B2E27F2561600567393 /* PoppyUITestsLaunchTests.swift in Sources */ = {isa = PBXBuildFile; fileRef = 7A0C0B2D27F2561600567393 /* PoppyUITestsLaunchTests.swift */; };
		A31635EB27F258080029077E /* GoogleService-Info.plist in Resources */ = {isa = PBXBuildFile; fileRef = A31635EA27F258080029077E /* GoogleService-Info.plist */; };
		A31635EE27F25CE00029077E /* FirebaseAnalytics in Frameworks */ = {isa = PBXBuildFile; productRef = A31635ED27F25CE00029077E /* FirebaseAnalytics */; };
		A31635F027F25CE00029077E /* FirebaseAnalyticsSwift-Beta in Frameworks */ = {isa = PBXBuildFile; productRef = A31635EF27F25CE00029077E /* FirebaseAnalyticsSwift-Beta */; };
		A31635F227F25CE00029077E /* FirebaseAnalyticsWithoutAdIdSupport in Frameworks */ = {isa = PBXBuildFile; productRef = A31635F127F25CE00029077E /* FirebaseAnalyticsWithoutAdIdSupport */; };
		A31635F427F25CE00029077E /* FirebaseAppCheck in Frameworks */ = {isa = PBXBuildFile; productRef = A31635F327F25CE00029077E /* FirebaseAppCheck */; };
		A31635F627F25CE00029077E /* FirebaseAppDistribution-Beta in Frameworks */ = {isa = PBXBuildFile; productRef = A31635F527F25CE00029077E /* FirebaseAppDistribution-Beta */; };
		A31635F827F25CE00029077E /* FirebaseAuth in Frameworks */ = {isa = PBXBuildFile; productRef = A31635F727F25CE00029077E /* FirebaseAuth */; };
		A31635FA27F25CE00029077E /* FirebaseAuthCombine-Community in Frameworks */ = {isa = PBXBuildFile; productRef = A31635F927F25CE00029077E /* FirebaseAuthCombine-Community */; };
		A31635FC27F25CE00029077E /* FirebaseCrashlytics in Frameworks */ = {isa = PBXBuildFile; productRef = A31635FB27F25CE00029077E /* FirebaseCrashlytics */; };
		A31635FE27F25CE00029077E /* FirebaseDatabase in Frameworks */ = {isa = PBXBuildFile; productRef = A31635FD27F25CE00029077E /* FirebaseDatabase */; };
		A316360027F25CE00029077E /* FirebaseDatabaseSwift-Beta in Frameworks */ = {isa = PBXBuildFile; productRef = A31635FF27F25CE00029077E /* FirebaseDatabaseSwift-Beta */; };
		A316360227F25CE00029077E /* FirebaseDynamicLinks in Frameworks */ = {isa = PBXBuildFile; productRef = A316360127F25CE00029077E /* FirebaseDynamicLinks */; };
		A316360427F25CE00029077E /* FirebaseFirestore in Frameworks */ = {isa = PBXBuildFile; productRef = A316360327F25CE00029077E /* FirebaseFirestore */; };
		A316360627F25CE00029077E /* FirebaseFirestoreCombine-Community in Frameworks */ = {isa = PBXBuildFile; productRef = A316360527F25CE00029077E /* FirebaseFirestoreCombine-Community */; };
		A316360827F25CE00029077E /* FirebaseFirestoreSwift-Beta in Frameworks */ = {isa = PBXBuildFile; productRef = A316360727F25CE00029077E /* FirebaseFirestoreSwift-Beta */; };
		A316360A27F25CE00029077E /* FirebaseFunctions in Frameworks */ = {isa = PBXBuildFile; productRef = A316360927F25CE00029077E /* FirebaseFunctions */; };
		A316360C27F25CE00029077E /* FirebaseFunctionsCombine-Community in Frameworks */ = {isa = PBXBuildFile; productRef = A316360B27F25CE00029077E /* FirebaseFunctionsCombine-Community */; };
		A316360E27F25CE00029077E /* FirebaseFunctionsSwift-Beta in Frameworks */ = {isa = PBXBuildFile; productRef = A316360D27F25CE00029077E /* FirebaseFunctionsSwift-Beta */; };
		A316361027F25CE00029077E /* FirebaseInAppMessaging-Beta in Frameworks */ = {isa = PBXBuildFile; productRef = A316360F27F25CE00029077E /* FirebaseInAppMessaging-Beta */; };
		A316361227F25CE00029077E /* FirebaseInAppMessagingSwift-Beta in Frameworks */ = {isa = PBXBuildFile; productRef = A316361127F25CE00029077E /* FirebaseInAppMessagingSwift-Beta */; };
		A316361427F25CE00029077E /* FirebaseInstallations in Frameworks */ = {isa = PBXBuildFile; productRef = A316361327F25CE00029077E /* FirebaseInstallations */; };
		A316361627F25CE00029077E /* FirebaseMLModelDownloader in Frameworks */ = {isa = PBXBuildFile; productRef = A316361527F25CE00029077E /* FirebaseMLModelDownloader */; };
		A316361827F25CE00029077E /* FirebaseMessaging in Frameworks */ = {isa = PBXBuildFile; productRef = A316361727F25CE00029077E /* FirebaseMessaging */; };
		A316361A27F25CE00029077E /* FirebasePerformance in Frameworks */ = {isa = PBXBuildFile; productRef = A316361927F25CE00029077E /* FirebasePerformance */; };
		A316361C27F25CE00029077E /* FirebaseRemoteConfig in Frameworks */ = {isa = PBXBuildFile; productRef = A316361B27F25CE00029077E /* FirebaseRemoteConfig */; };
		A316361E27F25CE00029077E /* FirebaseRemoteConfigSwift-Beta in Frameworks */ = {isa = PBXBuildFile; productRef = A316361D27F25CE00029077E /* FirebaseRemoteConfigSwift-Beta */; };
		A316362027F25CE00029077E /* FirebaseStorage in Frameworks */ = {isa = PBXBuildFile; productRef = A316361F27F25CE00029077E /* FirebaseStorage */; };
		A316362227F25CE00029077E /* FirebaseStorageCombine-Community in Frameworks */ = {isa = PBXBuildFile; productRef = A316362127F25CE00029077E /* FirebaseStorageCombine-Community */; };
		A316362427F25CE00029077E /* FirebaseStorageSwift-Beta in Frameworks */ = {isa = PBXBuildFile; productRef = A316362327F25CE00029077E /* FirebaseStorageSwift-Beta */; };
/* End PBXBuildFile section */

/* Begin PBXContainerItemProxy section */
		7A0C0B1E27F2561600567393 /* PBXContainerItemProxy */ = {
			isa = PBXContainerItemProxy;
			containerPortal = 7A0C0AFF27F2561600567393 /* Project object */;
			proxyType = 1;
			remoteGlobalIDString = 7A0C0B0627F2561600567393;
			remoteInfo = Poppy;
		};
		7A0C0B2827F2561600567393 /* PBXContainerItemProxy */ = {
			isa = PBXContainerItemProxy;
			containerPortal = 7A0C0AFF27F2561600567393 /* Project object */;
			proxyType = 1;
			remoteGlobalIDString = 7A0C0B0627F2561600567393;
			remoteInfo = Poppy;
		};
/* End PBXContainerItemProxy section */

/* Begin PBXFileReference section */
		7A0C0B0727F2561600567393 /* Poppy.app */ = {isa = PBXFileReference; explicitFileType = wrapper.application; includeInIndex = 0; path = Poppy.app; sourceTree = BUILT_PRODUCTS_DIR; };
		7A0C0B0A27F2561600567393 /* AppDelegate.swift */ = {isa = PBXFileReference; lastKnownFileType = sourcecode.swift; path = AppDelegate.swift; sourceTree = "<group>"; };
		7A0C0B0C27F2561600567393 /* SceneDelegate.swift */ = {isa = PBXFileReference; lastKnownFileType = sourcecode.swift; path = SceneDelegate.swift; sourceTree = "<group>"; };
		7A0C0B0E27F2561600567393 /* ViewController.swift */ = {isa = PBXFileReference; lastKnownFileType = sourcecode.swift; path = ViewController.swift; sourceTree = "<group>"; };
		7A0C0B1127F2561600567393 /* Base */ = {isa = PBXFileReference; lastKnownFileType = file.storyboard; name = Base; path = Base.lproj/Main.storyboard; sourceTree = "<group>"; };
		7A0C0B1327F2561600567393 /* Assets.xcassets */ = {isa = PBXFileReference; lastKnownFileType = folder.assetcatalog; path = Assets.xcassets; sourceTree = "<group>"; };
		7A0C0B1627F2561600567393 /* Base */ = {isa = PBXFileReference; lastKnownFileType = file.storyboard; name = Base; path = Base.lproj/LaunchScreen.storyboard; sourceTree = "<group>"; };
		7A0C0B1827F2561600567393 /* Info.plist */ = {isa = PBXFileReference; lastKnownFileType = text.plist.xml; path = Info.plist; sourceTree = "<group>"; };
		7A0C0B1D27F2561600567393 /* PoppyTests.xctest */ = {isa = PBXFileReference; explicitFileType = wrapper.cfbundle; includeInIndex = 0; path = PoppyTests.xctest; sourceTree = BUILT_PRODUCTS_DIR; };
		7A0C0B2127F2561600567393 /* PoppyTests.swift */ = {isa = PBXFileReference; lastKnownFileType = sourcecode.swift; path = PoppyTests.swift; sourceTree = "<group>"; };
		7A0C0B2727F2561600567393 /* PoppyUITests.xctest */ = {isa = PBXFileReference; explicitFileType = wrapper.cfbundle; includeInIndex = 0; path = PoppyUITests.xctest; sourceTree = BUILT_PRODUCTS_DIR; };
		7A0C0B2B27F2561600567393 /* PoppyUITests.swift */ = {isa = PBXFileReference; lastKnownFileType = sourcecode.swift; path = PoppyUITests.swift; sourceTree = "<group>"; };
		7A0C0B2D27F2561600567393 /* PoppyUITestsLaunchTests.swift */ = {isa = PBXFileReference; lastKnownFileType = sourcecode.swift; path = PoppyUITestsLaunchTests.swift; sourceTree = "<group>"; };
		A31635EA27F258080029077E /* GoogleService-Info.plist */ = {isa = PBXFileReference; fileEncoding = 4; lastKnownFileType = text.plist.xml; name = "GoogleService-Info.plist"; path = "../../../../../Downloads/GoogleService-Info.plist"; sourceTree = "<group>"; };
/* End PBXFileReference section */

/* Begin PBXFrameworksBuildPhase section */
		7A0C0B0427F2561600567393 /* Frameworks */ = {
			isa = PBXFrameworksBuildPhase;
			buildActionMask = 2147483647;
			files = (
				A316360627F25CE00029077E /* FirebaseFirestoreCombine-Community in Frameworks */,
				A316360027F25CE00029077E /* FirebaseDatabaseSwift-Beta in Frameworks */,
				A316360227F25CE00029077E /* FirebaseDynamicLinks in Frameworks */,
				A31635F427F25CE00029077E /* FirebaseAppCheck in Frameworks */,
				A31635F827F25CE00029077E /* FirebaseAuth in Frameworks */,
				A316362427F25CE00029077E /* FirebaseStorageSwift-Beta in Frameworks */,
				A31635F027F25CE00029077E /* FirebaseAnalyticsSwift-Beta in Frameworks */,
				A316361E27F25CE00029077E /* FirebaseRemoteConfigSwift-Beta in Frameworks */,
				A316361627F25CE00029077E /* FirebaseMLModelDownloader in Frameworks */,
				A316360427F25CE00029077E /* FirebaseFirestore in Frameworks */,
				A316360C27F25CE00029077E /* FirebaseFunctionsCombine-Community in Frameworks */,
				A31635F627F25CE00029077E /* FirebaseAppDistribution-Beta in Frameworks */,
				A31635F227F25CE00029077E /* FirebaseAnalyticsWithoutAdIdSupport in Frameworks */,
				A316360827F25CE00029077E /* FirebaseFirestoreSwift-Beta in Frameworks */,
				A316361027F25CE00029077E /* FirebaseInAppMessaging-Beta in Frameworks */,
				A31635FC27F25CE00029077E /* FirebaseCrashlytics in Frameworks */,
				A31635FE27F25CE00029077E /* FirebaseDatabase in Frameworks */,
				A316362227F25CE00029077E /* FirebaseStorageCombine-Community in Frameworks */,
				A316361C27F25CE00029077E /* FirebaseRemoteConfig in Frameworks */,
				A316360E27F25CE00029077E /* FirebaseFunctionsSwift-Beta in Frameworks */,
				A316360A27F25CE00029077E /* FirebaseFunctions in Frameworks */,
				A316361A27F25CE00029077E /* FirebasePerformance in Frameworks */,
				A316361227F25CE00029077E /* FirebaseInAppMessagingSwift-Beta in Frameworks */,
				A316362027F25CE00029077E /* FirebaseStorage in Frameworks */,
				A31635FA27F25CE00029077E /* FirebaseAuthCombine-Community in Frameworks */,
				A31635EE27F25CE00029077E /* FirebaseAnalytics in Frameworks */,
				A316361827F25CE00029077E /* FirebaseMessaging in Frameworks */,
				A316361427F25CE00029077E /* FirebaseInstallations in Frameworks */,
			);
			runOnlyForDeploymentPostprocessing = 0;
		};
		7A0C0B1A27F2561600567393 /* Frameworks */ = {
			isa = PBXFrameworksBuildPhase;
			buildActionMask = 2147483647;
			files = (
			);
			runOnlyForDeploymentPostprocessing = 0;
		};
		7A0C0B2427F2561600567393 /* Frameworks */ = {
			isa = PBXFrameworksBuildPhase;
			buildActionMask = 2147483647;
			files = (
			);
			runOnlyForDeploymentPostprocessing = 0;
		};
/* End PBXFrameworksBuildPhase section */

/* Begin PBXGroup section */
		7A0C0AFE27F2561600567393 = {
			isa = PBXGroup;
			children = (
				7A0C0B0927F2561600567393 /* Poppy */,
				7A0C0B2027F2561600567393 /* PoppyTests */,
				7A0C0B2A27F2561600567393 /* PoppyUITests */,
				7A0C0B0827F2561600567393 /* Products */,
			);
			sourceTree = "<group>";
		};
		7A0C0B0827F2561600567393 /* Products */ = {
			isa = PBXGroup;
			children = (
				7A0C0B0727F2561600567393 /* Poppy.app */,
				7A0C0B1D27F2561600567393 /* PoppyTests.xctest */,
				7A0C0B2727F2561600567393 /* PoppyUITests.xctest */,
			);
			name = Products;
			sourceTree = "<group>";
		};
		7A0C0B0927F2561600567393 /* Poppy */ = {
			isa = PBXGroup;
			children = (
				7A0C0B0A27F2561600567393 /* AppDelegate.swift */,
				7A0C0B0C27F2561600567393 /* SceneDelegate.swift */,
				7A0C0B0E27F2561600567393 /* ViewController.swift */,
				7A0C0B1027F2561600567393 /* Main.storyboard */,
				7A0C0B1327F2561600567393 /* Assets.xcassets */,
				7A0C0B1527F2561600567393 /* LaunchScreen.storyboard */,
				7A0C0B1827F2561600567393 /* Info.plist */,
				A31635EA27F258080029077E /* GoogleService-Info.plist */,
			);
			path = Poppy;
			sourceTree = "<group>";
		};
		7A0C0B2027F2561600567393 /* PoppyTests */ = {
			isa = PBXGroup;
			children = (
				7A0C0B2127F2561600567393 /* PoppyTests.swift */,
			);
			path = PoppyTests;
			sourceTree = "<group>";
		};
		7A0C0B2A27F2561600567393 /* PoppyUITests */ = {
			isa = PBXGroup;
			children = (
				7A0C0B2B27F2561600567393 /* PoppyUITests.swift */,
				7A0C0B2D27F2561600567393 /* PoppyUITestsLaunchTests.swift */,
			);
			path = PoppyUITests;
			sourceTree = "<group>";
		};
/* End PBXGroup section */

/* Begin PBXNativeTarget section */
		7A0C0B0627F2561600567393 /* Poppy */ = {
			isa = PBXNativeTarget;
			buildConfigurationList = 7A0C0B3127F2561600567393 /* Build configuration list for PBXNativeTarget "Poppy" */;
			buildPhases = (
				7A0C0B0327F2561600567393 /* Sources */,
				7A0C0B0427F2561600567393 /* Frameworks */,
				7A0C0B0527F2561600567393 /* Resources */,
			);
			buildRules = (
			);
			dependencies = (
			);
			name = Poppy;
			packageProductDependencies = (
				A31635ED27F25CE00029077E /* FirebaseAnalytics */,
				A31635EF27F25CE00029077E /* FirebaseAnalyticsSwift-Beta */,
				A31635F127F25CE00029077E /* FirebaseAnalyticsWithoutAdIdSupport */,
				A31635F327F25CE00029077E /* FirebaseAppCheck */,
				A31635F527F25CE00029077E /* FirebaseAppDistribution-Beta */,
				A31635F727F25CE00029077E /* FirebaseAuth */,
				A31635F927F25CE00029077E /* FirebaseAuthCombine-Community */,
				A31635FB27F25CE00029077E /* FirebaseCrashlytics */,
				A31635FD27F25CE00029077E /* FirebaseDatabase */,
				A31635FF27F25CE00029077E /* FirebaseDatabaseSwift-Beta */,
				A316360127F25CE00029077E /* FirebaseDynamicLinks */,
				A316360327F25CE00029077E /* FirebaseFirestore */,
				A316360527F25CE00029077E /* FirebaseFirestoreCombine-Community */,
				A316360727F25CE00029077E /* FirebaseFirestoreSwift-Beta */,
				A316360927F25CE00029077E /* FirebaseFunctions */,
				A316360B27F25CE00029077E /* FirebaseFunctionsCombine-Community */,
				A316360D27F25CE00029077E /* FirebaseFunctionsSwift-Beta */,
				A316360F27F25CE00029077E /* FirebaseInAppMessaging-Beta */,
				A316361127F25CE00029077E /* FirebaseInAppMessagingSwift-Beta */,
				A316361327F25CE00029077E /* FirebaseInstallations */,
				A316361527F25CE00029077E /* FirebaseMLModelDownloader */,
				A316361727F25CE00029077E /* FirebaseMessaging */,
				A316361927F25CE00029077E /* FirebasePerformance */,
				A316361B27F25CE00029077E /* FirebaseRemoteConfig */,
				A316361D27F25CE00029077E /* FirebaseRemoteConfigSwift-Beta */,
				A316361F27F25CE00029077E /* FirebaseStorage */,
				A316362127F25CE00029077E /* FirebaseStorageCombine-Community */,
				A316362327F25CE00029077E /* FirebaseStorageSwift-Beta */,
			);
			productName = Poppy;
			productReference = 7A0C0B0727F2561600567393 /* Poppy.app */;
			productType = "com.apple.product-type.application";
		};
		7A0C0B1C27F2561600567393 /* PoppyTests */ = {
			isa = PBXNativeTarget;
			buildConfigurationList = 7A0C0B3427F2561600567393 /* Build configuration list for PBXNativeTarget "PoppyTests" */;
			buildPhases = (
				7A0C0B1927F2561600567393 /* Sources */,
				7A0C0B1A27F2561600567393 /* Frameworks */,
				7A0C0B1B27F2561600567393 /* Resources */,
			);
			buildRules = (
			);
			dependencies = (
				7A0C0B1F27F2561600567393 /* PBXTargetDependency */,
			);
			name = PoppyTests;
			productName = PoppyTests;
			productReference = 7A0C0B1D27F2561600567393 /* PoppyTests.xctest */;
			productType = "com.apple.product-type.bundle.unit-test";
		};
		7A0C0B2627F2561600567393 /* PoppyUITests */ = {
			isa = PBXNativeTarget;
			buildConfigurationList = 7A0C0B3727F2561600567393 /* Build configuration list for PBXNativeTarget "PoppyUITests" */;
			buildPhases = (
				7A0C0B2327F2561600567393 /* Sources */,
				7A0C0B2427F2561600567393 /* Frameworks */,
				7A0C0B2527F2561600567393 /* Resources */,
			);
			buildRules = (
			);
			dependencies = (
				7A0C0B2927F2561600567393 /* PBXTargetDependency */,
			);
			name = PoppyUITests;
			productName = PoppyUITests;
			productReference = 7A0C0B2727F2561600567393 /* PoppyUITests.xctest */;
			productType = "com.apple.product-type.bundle.ui-testing";
		};
/* End PBXNativeTarget section */

/* Begin PBXProject section */
		7A0C0AFF27F2561600567393 /* Project object */ = {
			isa = PBXProject;
			attributes = {
				BuildIndependentTargetsInParallel = 1;
				LastSwiftUpdateCheck = 1320;
				LastUpgradeCheck = 1320;
				TargetAttributes = {
					7A0C0B0627F2561600567393 = {
						CreatedOnToolsVersion = 13.2.1;
					};
					7A0C0B1C27F2561600567393 = {
						CreatedOnToolsVersion = 13.2.1;
						TestTargetID = 7A0C0B0627F2561600567393;
					};
					7A0C0B2627F2561600567393 = {
						CreatedOnToolsVersion = 13.2.1;
						TestTargetID = 7A0C0B0627F2561600567393;
					};
				};
			};
			buildConfigurationList = 7A0C0B0227F2561600567393 /* Build configuration list for PBXProject "Poppy" */;
			compatibilityVersion = "Xcode 13.0";
			developmentRegion = en;
			hasScannedForEncodings = 0;
			knownRegions = (
				en,
				Base,
			);
			mainGroup = 7A0C0AFE27F2561600567393;
			packageReferences = (
				A31635EC27F25CE00029077E /* XCRemoteSwiftPackageReference "firebase-ios-sdk" */,
			);
			productRefGroup = 7A0C0B0827F2561600567393 /* Products */;
			projectDirPath = "";
			projectRoot = "";
			targets = (
				7A0C0B0627F2561600567393 /* Poppy */,
				7A0C0B1C27F2561600567393 /* PoppyTests */,
				7A0C0B2627F2561600567393 /* PoppyUITests */,
			);
		};
/* End PBXProject section */

/* Begin PBXResourcesBuildPhase section */
		7A0C0B0527F2561600567393 /* Resources */ = {
			isa = PBXResourcesBuildPhase;
			buildActionMask = 2147483647;
			files = (
				7A0C0B1727F2561600567393 /* LaunchScreen.storyboard in Resources */,
				A31635EB27F258080029077E /* GoogleService-Info.plist in Resources */,
				7A0C0B1427F2561600567393 /* Assets.xcassets in Resources */,
				7A0C0B1227F2561600567393 /* Main.storyboard in Resources */,
			);
			runOnlyForDeploymentPostprocessing = 0;
		};
		7A0C0B1B27F2561600567393 /* Resources */ = {
			isa = PBXResourcesBuildPhase;
			buildActionMask = 2147483647;
			files = (
			);
			runOnlyForDeploymentPostprocessing = 0;
		};
		7A0C0B2527F2561600567393 /* Resources */ = {
			isa = PBXResourcesBuildPhase;
			buildActionMask = 2147483647;
			files = (
			);
			runOnlyForDeploymentPostprocessing = 0;
		};
/* End PBXResourcesBuildPhase section */

/* Begin PBXSourcesBuildPhase section */
		7A0C0B0327F2561600567393 /* Sources */ = {
			isa = PBXSourcesBuildPhase;
			buildActionMask = 2147483647;
			files = (
				7A0C0B0F27F2561600567393 /* ViewController.swift in Sources */,
				7A0C0B0B27F2561600567393 /* AppDelegate.swift in Sources */,
				7A0C0B0D27F2561600567393 /* SceneDelegate.swift in Sources */,
			);
			runOnlyForDeploymentPostprocessing = 0;
		};
		7A0C0B1927F2561600567393 /* Sources */ = {
			isa = PBXSourcesBuildPhase;
			buildActionMask = 2147483647;
			files = (
				7A0C0B2227F2561600567393 /* PoppyTests.swift in Sources */,
			);
			runOnlyForDeploymentPostprocessing = 0;
		};
		7A0C0B2327F2561600567393 /* Sources */ = {
			isa = PBXSourcesBuildPhase;
			buildActionMask = 2147483647;
			files = (
				7A0C0B2C27F2561600567393 /* PoppyUITests.swift in Sources */,
				7A0C0B2E27F2561600567393 /* PoppyUITestsLaunchTests.swift in Sources */,
			);
			runOnlyForDeploymentPostprocessing = 0;
		};
/* End PBXSourcesBuildPhase section */

/* Begin PBXTargetDependency section */
		7A0C0B1F27F2561600567393 /* PBXTargetDependency */ = {
			isa = PBXTargetDependency;
			target = 7A0C0B0627F2561600567393 /* Poppy */;
			targetProxy = 7A0C0B1E27F2561600567393 /* PBXContainerItemProxy */;
		};
		7A0C0B2927F2561600567393 /* PBXTargetDependency */ = {
			isa = PBXTargetDependency;
			target = 7A0C0B0627F2561600567393 /* Poppy */;
			targetProxy = 7A0C0B2827F2561600567393 /* PBXContainerItemProxy */;
		};
/* End PBXTargetDependency section */

/* Begin PBXVariantGroup section */
		7A0C0B1027F2561600567393 /* Main.storyboard */ = {
			isa = PBXVariantGroup;
			children = (
				7A0C0B1127F2561600567393 /* Base */,
			);
			name = Main.storyboard;
			sourceTree = "<group>";
		};
		7A0C0B1527F2561600567393 /* LaunchScreen.storyboard */ = {
			isa = PBXVariantGroup;
			children = (
				7A0C0B1627F2561600567393 /* Base */,
			);
			name = LaunchScreen.storyboard;
			sourceTree = "<group>";
		};
/* End PBXVariantGroup section */

/* Begin XCBuildConfiguration section */
		7A0C0B2F27F2561600567393 /* Debug */ = {
			isa = XCBuildConfiguration;
			buildSettings = {
				ALWAYS_SEARCH_USER_PATHS = NO;
				CLANG_ANALYZER_NONNULL = YES;
				CLANG_ANALYZER_NUMBER_OBJECT_CONVERSION = YES_AGGRESSIVE;
				CLANG_CXX_LANGUAGE_STANDARD = "gnu++17";
				CLANG_CXX_LIBRARY = "libc++";
				CLANG_ENABLE_MODULES = YES;
				CLANG_ENABLE_OBJC_ARC = YES;
				CLANG_ENABLE_OBJC_WEAK = YES;
				CLANG_WARN_BLOCK_CAPTURE_AUTORELEASING = YES;
				CLANG_WARN_BOOL_CONVERSION = YES;
				CLANG_WARN_COMMA = YES;
				CLANG_WARN_CONSTANT_CONVERSION = YES;
				CLANG_WARN_DEPRECATED_OBJC_IMPLEMENTATIONS = YES;
				CLANG_WARN_DIRECT_OBJC_ISA_USAGE = YES_ERROR;
				CLANG_WARN_DOCUMENTATION_COMMENTS = YES;
				CLANG_WARN_EMPTY_BODY = YES;
				CLANG_WARN_ENUM_CONVERSION = YES;
				CLANG_WARN_INFINITE_RECURSION = YES;
				CLANG_WARN_INT_CONVERSION = YES;
				CLANG_WARN_NON_LITERAL_NULL_CONVERSION = YES;
				CLANG_WARN_OBJC_IMPLICIT_RETAIN_SELF = YES;
				CLANG_WARN_OBJC_LITERAL_CONVERSION = YES;
				CLANG_WARN_OBJC_ROOT_CLASS = YES_ERROR;
				CLANG_WARN_QUOTED_INCLUDE_IN_FRAMEWORK_HEADER = YES;
				CLANG_WARN_RANGE_LOOP_ANALYSIS = YES;
				CLANG_WARN_STRICT_PROTOTYPES = YES;
				CLANG_WARN_SUSPICIOUS_MOVE = YES;
				CLANG_WARN_UNGUARDED_AVAILABILITY = YES_AGGRESSIVE;
				CLANG_WARN_UNREACHABLE_CODE = YES;
				CLANG_WARN__DUPLICATE_METHOD_MATCH = YES;
				COPY_PHASE_STRIP = NO;
				DEBUG_INFORMATION_FORMAT = dwarf;
				ENABLE_STRICT_OBJC_MSGSEND = YES;
				ENABLE_TESTABILITY = YES;
				GCC_C_LANGUAGE_STANDARD = gnu11;
				GCC_DYNAMIC_NO_PIC = NO;
				GCC_NO_COMMON_BLOCKS = YES;
				GCC_OPTIMIZATION_LEVEL = 0;
				GCC_PREPROCESSOR_DEFINITIONS = (
					"DEBUG=1",
					"$(inherited)",
				);
				GCC_WARN_64_TO_32_BIT_CONVERSION = YES;
				GCC_WARN_ABOUT_RETURN_TYPE = YES_ERROR;
				GCC_WARN_UNDECLARED_SELECTOR = YES;
				GCC_WARN_UNINITIALIZED_AUTOS = YES_AGGRESSIVE;
				GCC_WARN_UNUSED_FUNCTION = YES;
				GCC_WARN_UNUSED_VARIABLE = YES;
				IPHONEOS_DEPLOYMENT_TARGET = 15.2;
				MTL_ENABLE_DEBUG_INFO = INCLUDE_SOURCE;
				MTL_FAST_MATH = YES;
				ONLY_ACTIVE_ARCH = YES;
				SDKROOT = iphoneos;
				SWIFT_ACTIVE_COMPILATION_CONDITIONS = DEBUG;
				SWIFT_OPTIMIZATION_LEVEL = "-Onone";
			};
			name = Debug;
		};
		7A0C0B3027F2561600567393 /* Release */ = {
			isa = XCBuildConfiguration;
			buildSettings = {
				ALWAYS_SEARCH_USER_PATHS = NO;
				CLANG_ANALYZER_NONNULL = YES;
				CLANG_ANALYZER_NUMBER_OBJECT_CONVERSION = YES_AGGRESSIVE;
				CLANG_CXX_LANGUAGE_STANDARD = "gnu++17";
				CLANG_CXX_LIBRARY = "libc++";
				CLANG_ENABLE_MODULES = YES;
				CLANG_ENABLE_OBJC_ARC = YES;
				CLANG_ENABLE_OBJC_WEAK = YES;
				CLANG_WARN_BLOCK_CAPTURE_AUTORELEASING = YES;
				CLANG_WARN_BOOL_CONVERSION = YES;
				CLANG_WARN_COMMA = YES;
				CLANG_WARN_CONSTANT_CONVERSION = YES;
				CLANG_WARN_DEPRECATED_OBJC_IMPLEMENTATIONS = YES;
				CLANG_WARN_DIRECT_OBJC_ISA_USAGE = YES_ERROR;
				CLANG_WARN_DOCUMENTATION_COMMENTS = YES;
				CLANG_WARN_EMPTY_BODY = YES;
				CLANG_WARN_ENUM_CONVERSION = YES;
				CLANG_WARN_INFINITE_RECURSION = YES;
				CLANG_WARN_INT_CONVERSION = YES;
				CLANG_WARN_NON_LITERAL_NULL_CONVERSION = YES;
				CLANG_WARN_OBJC_IMPLICIT_RETAIN_SELF = YES;
				CLANG_WARN_OBJC_LITERAL_CONVERSION = YES;
				CLANG_WARN_OBJC_ROOT_CLASS = YES_ERROR;
				CLANG_WARN_QUOTED_INCLUDE_IN_FRAMEWORK_HEADER = YES;
				CLANG_WARN_RANGE_LOOP_ANALYSIS = YES;
				CLANG_WARN_STRICT_PROTOTYPES = YES;
				CLANG_WARN_SUSPICIOUS_MOVE = YES;
				CLANG_WARN_UNGUARDED_AVAILABILITY = YES_AGGRESSIVE;
				CLANG_WARN_UNREACHABLE_CODE = YES;
				CLANG_WARN__DUPLICATE_METHOD_MATCH = YES;
				COPY_PHASE_STRIP = NO;
				DEBUG_INFORMATION_FORMAT = "dwarf-with-dsym";
				ENABLE_NS_ASSERTIONS = NO;
				ENABLE_STRICT_OBJC_MSGSEND = YES;
				GCC_C_LANGUAGE_STANDARD = gnu11;
				GCC_NO_COMMON_BLOCKS = YES;
				GCC_WARN_64_TO_32_BIT_CONVERSION = YES;
				GCC_WARN_ABOUT_RETURN_TYPE = YES_ERROR;
				GCC_WARN_UNDECLARED_SELECTOR = YES;
				GCC_WARN_UNINITIALIZED_AUTOS = YES_AGGRESSIVE;
				GCC_WARN_UNUSED_FUNCTION = YES;
				GCC_WARN_UNUSED_VARIABLE = YES;
				IPHONEOS_DEPLOYMENT_TARGET = 15.2;
				MTL_ENABLE_DEBUG_INFO = NO;
				MTL_FAST_MATH = YES;
				SDKROOT = iphoneos;
				SWIFT_COMPILATION_MODE = wholemodule;
				SWIFT_OPTIMIZATION_LEVEL = "-O";
				VALIDATE_PRODUCT = YES;
			};
			name = Release;
		};
		7A0C0B3227F2561600567393 /* Debug */ = {
			isa = XCBuildConfiguration;
			buildSettings = {
				ASSETCATALOG_COMPILER_APPICON_NAME = AppIcon;
				ASSETCATALOG_COMPILER_GLOBAL_ACCENT_COLOR_NAME = AccentColor;
				CODE_SIGN_STYLE = Automatic;
				CURRENT_PROJECT_VERSION = 1;
				GENERATE_INFOPLIST_FILE = YES;
				INFOPLIST_FILE = Poppy/Info.plist;
				INFOPLIST_KEY_UIApplicationSupportsIndirectInputEvents = YES;
				INFOPLIST_KEY_UILaunchStoryboardName = LaunchScreen;
				INFOPLIST_KEY_UIMainStoryboardFile = Main;
				INFOPLIST_KEY_UISupportedInterfaceOrientations_iPad = "UIInterfaceOrientationPortrait UIInterfaceOrientationPortraitUpsideDown UIInterfaceOrientationLandscapeLeft UIInterfaceOrientationLandscapeRight";
				INFOPLIST_KEY_UISupportedInterfaceOrientations_iPhone = "UIInterfaceOrientationPortrait UIInterfaceOrientationLandscapeLeft UIInterfaceOrientationLandscapeRight";
				LD_RUNPATH_SEARCH_PATHS = (
					"$(inherited)",
					"@executable_path/Frameworks",
				);
				MARKETING_VERSION = 1.0;
				PRODUCT_BUNDLE_IDENTIFIER = com.poppy.Poppy;
				PRODUCT_NAME = "$(TARGET_NAME)";
				SWIFT_EMIT_LOC_STRINGS = YES;
				SWIFT_VERSION = 5.0;
				TARGETED_DEVICE_FAMILY = "1,2";
			};
			name = Debug;
		};
		7A0C0B3327F2561600567393 /* Release */ = {
			isa = XCBuildConfiguration;
			buildSettings = {
				ASSETCATALOG_COMPILER_APPICON_NAME = AppIcon;
				ASSETCATALOG_COMPILER_GLOBAL_ACCENT_COLOR_NAME = AccentColor;
				CODE_SIGN_STYLE = Automatic;
				CURRENT_PROJECT_VERSION = 1;
				GENERATE_INFOPLIST_FILE = YES;
				INFOPLIST_FILE = Poppy/Info.plist;
				INFOPLIST_KEY_UIApplicationSupportsIndirectInputEvents = YES;
				INFOPLIST_KEY_UILaunchStoryboardName = LaunchScreen;
				INFOPLIST_KEY_UIMainStoryboardFile = Main;
				INFOPLIST_KEY_UISupportedInterfaceOrientations_iPad = "UIInterfaceOrientationPortrait UIInterfaceOrientationPortraitUpsideDown UIInterfaceOrientationLandscapeLeft UIInterfaceOrientationLandscapeRight";
				INFOPLIST_KEY_UISupportedInterfaceOrientations_iPhone = "UIInterfaceOrientationPortrait UIInterfaceOrientationLandscapeLeft UIInterfaceOrientationLandscapeRight";
				LD_RUNPATH_SEARCH_PATHS = (
					"$(inherited)",
					"@executable_path/Frameworks",
				);
				MARKETING_VERSION = 1.0;
				PRODUCT_BUNDLE_IDENTIFIER = com.poppy.Poppy;
				PRODUCT_NAME = "$(TARGET_NAME)";
				SWIFT_EMIT_LOC_STRINGS = YES;
				SWIFT_VERSION = 5.0;
				TARGETED_DEVICE_FAMILY = "1,2";
			};
			name = Release;
		};
		7A0C0B3527F2561600567393 /* Debug */ = {
			isa = XCBuildConfiguration;
			buildSettings = {
				ALWAYS_EMBED_SWIFT_STANDARD_LIBRARIES = YES;
				BUNDLE_LOADER = "$(TEST_HOST)";
				CODE_SIGN_STYLE = Automatic;
				CURRENT_PROJECT_VERSION = 1;
				GENERATE_INFOPLIST_FILE = YES;
				IPHONEOS_DEPLOYMENT_TARGET = 15.2;
				MARKETING_VERSION = 1.0;
				PRODUCT_BUNDLE_IDENTIFIER = com.poppy.PoppyTests;
				PRODUCT_NAME = "$(TARGET_NAME)";
				SWIFT_EMIT_LOC_STRINGS = NO;
				SWIFT_VERSION = 5.0;
				TARGETED_DEVICE_FAMILY = "1,2";
				TEST_HOST = "$(BUILT_PRODUCTS_DIR)/Poppy.app/Poppy";
			};
			name = Debug;
		};
		7A0C0B3627F2561600567393 /* Release */ = {
			isa = XCBuildConfiguration;
			buildSettings = {
				ALWAYS_EMBED_SWIFT_STANDARD_LIBRARIES = YES;
				BUNDLE_LOADER = "$(TEST_HOST)";
				CODE_SIGN_STYLE = Automatic;
				CURRENT_PROJECT_VERSION = 1;
				GENERATE_INFOPLIST_FILE = YES;
				IPHONEOS_DEPLOYMENT_TARGET = 15.2;
				MARKETING_VERSION = 1.0;
				PRODUCT_BUNDLE_IDENTIFIER = com.poppy.PoppyTests;
				PRODUCT_NAME = "$(TARGET_NAME)";
				SWIFT_EMIT_LOC_STRINGS = NO;
				SWIFT_VERSION = 5.0;
				TARGETED_DEVICE_FAMILY = "1,2";
				TEST_HOST = "$(BUILT_PRODUCTS_DIR)/Poppy.app/Poppy";
			};
			name = Release;
		};
		7A0C0B3827F2561600567393 /* Debug */ = {
			isa = XCBuildConfiguration;
			buildSettings = {
				ALWAYS_EMBED_SWIFT_STANDARD_LIBRARIES = YES;
				CODE_SIGN_STYLE = Automatic;
				CURRENT_PROJECT_VERSION = 1;
				GENERATE_INFOPLIST_FILE = YES;
				MARKETING_VERSION = 1.0;
				PRODUCT_BUNDLE_IDENTIFIER = com.poppy.PoppyUITests;
				PRODUCT_NAME = "$(TARGET_NAME)";
				SWIFT_EMIT_LOC_STRINGS = NO;
				SWIFT_VERSION = 5.0;
				TARGETED_DEVICE_FAMILY = "1,2";
				TEST_TARGET_NAME = Poppy;
			};
			name = Debug;
		};
		7A0C0B3927F2561600567393 /* Release */ = {
			isa = XCBuildConfiguration;
			buildSettings = {
				ALWAYS_EMBED_SWIFT_STANDARD_LIBRARIES = YES;
				CODE_SIGN_STYLE = Automatic;
				CURRENT_PROJECT_VERSION = 1;
				GENERATE_INFOPLIST_FILE = YES;
				MARKETING_VERSION = 1.0;
				PRODUCT_BUNDLE_IDENTIFIER = com.poppy.PoppyUITests;
				PRODUCT_NAME = "$(TARGET_NAME)";
				SWIFT_EMIT_LOC_STRINGS = NO;
				SWIFT_VERSION = 5.0;
				TARGETED_DEVICE_FAMILY = "1,2";
				TEST_TARGET_NAME = Poppy;
			};
			name = Release;
		};
/* End XCBuildConfiguration section */

/* Begin XCConfigurationList section */
		7A0C0B0227F2561600567393 /* Build configuration list for PBXProject "Poppy" */ = {
			isa = XCConfigurationList;
			buildConfigurations = (
				7A0C0B2F27F2561600567393 /* Debug */,
				7A0C0B3027F2561600567393 /* Release */,
			);
			defaultConfigurationIsVisible = 0;
			defaultConfigurationName = Release;
		};
		7A0C0B3127F2561600567393 /* Build configuration list for PBXNativeTarget "Poppy" */ = {
			isa = XCConfigurationList;
			buildConfigurations = (
				7A0C0B3227F2561600567393 /* Debug */,
				7A0C0B3327F2561600567393 /* Release */,
			);
			defaultConfigurationIsVisible = 0;
			defaultConfigurationName = Release;
		};
		7A0C0B3427F2561600567393 /* Build configuration list for PBXNativeTarget "PoppyTests" */ = {
			isa = XCConfigurationList;
			buildConfigurations = (
				7A0C0B3527F2561600567393 /* Debug */,
				7A0C0B3627F2561600567393 /* Release */,
			);
			defaultConfigurationIsVisible = 0;
			defaultConfigurationName = Release;
		};
		7A0C0B3727F2561600567393 /* Build configuration list for PBXNativeTarget "PoppyUITests" */ = {
			isa = XCConfigurationList;
			buildConfigurations = (
				7A0C0B3827F2561600567393 /* Debug */,
				7A0C0B3927F2561600567393 /* Release */,
			);
			defaultConfigurationIsVisible = 0;
			defaultConfigurationName = Release;
		};
/* End XCConfigurationList section */

/* Begin XCRemoteSwiftPackageReference section */
		A31635EC27F25CE00029077E /* XCRemoteSwiftPackageReference "firebase-ios-sdk" */ = {
			isa = XCRemoteSwiftPackageReference;
			repositoryURL = "https://github.com/firebase/firebase-ios-sdk";
			requirement = {
				kind = upToNextMajorVersion;
				minimumVersion = 8.0.0;
			};
		};
/* End XCRemoteSwiftPackageReference section */

/* Begin XCSwiftPackageProductDependency section */
		A31635ED27F25CE00029077E /* FirebaseAnalytics */ = {
			isa = XCSwiftPackageProductDependency;
			package = A31635EC27F25CE00029077E /* XCRemoteSwiftPackageReference "firebase-ios-sdk" */;
			productName = FirebaseAnalytics;
		};
		A31635EF27F25CE00029077E /* FirebaseAnalyticsSwift-Beta */ = {
			isa = XCSwiftPackageProductDependency;
			package = A31635EC27F25CE00029077E /* XCRemoteSwiftPackageReference "firebase-ios-sdk" */;
			productName = "FirebaseAnalyticsSwift-Beta";
		};
		A31635F127F25CE00029077E /* FirebaseAnalyticsWithoutAdIdSupport */ = {
			isa = XCSwiftPackageProductDependency;
			package = A31635EC27F25CE00029077E /* XCRemoteSwiftPackageReference "firebase-ios-sdk" */;
			productName = FirebaseAnalyticsWithoutAdIdSupport;
		};
		A31635F327F25CE00029077E /* FirebaseAppCheck */ = {
			isa = XCSwiftPackageProductDependency;
			package = A31635EC27F25CE00029077E /* XCRemoteSwiftPackageReference "firebase-ios-sdk" */;
			productName = FirebaseAppCheck;
		};
		A31635F527F25CE00029077E /* FirebaseAppDistribution-Beta */ = {
			isa = XCSwiftPackageProductDependency;
			package = A31635EC27F25CE00029077E /* XCRemoteSwiftPackageReference "firebase-ios-sdk" */;
			productName = "FirebaseAppDistribution-Beta";
		};
		A31635F727F25CE00029077E /* FirebaseAuth */ = {
			isa = XCSwiftPackageProductDependency;
			package = A31635EC27F25CE00029077E /* XCRemoteSwiftPackageReference "firebase-ios-sdk" */;
			productName = FirebaseAuth;
		};
		A31635F927F25CE00029077E /* FirebaseAuthCombine-Community */ = {
			isa = XCSwiftPackageProductDependency;
			package = A31635EC27F25CE00029077E /* XCRemoteSwiftPackageReference "firebase-ios-sdk" */;
			productName = "FirebaseAuthCombine-Community";
		};
		A31635FB27F25CE00029077E /* FirebaseCrashlytics */ = {
			isa = XCSwiftPackageProductDependency;
			package = A31635EC27F25CE00029077E /* XCRemoteSwiftPackageReference "firebase-ios-sdk" */;
			productName = FirebaseCrashlytics;
		};
		A31635FD27F25CE00029077E /* FirebaseDatabase */ = {
			isa = XCSwiftPackageProductDependency;
			package = A31635EC27F25CE00029077E /* XCRemoteSwiftPackageReference "firebase-ios-sdk" */;
			productName = FirebaseDatabase;
		};
		A31635FF27F25CE00029077E /* FirebaseDatabaseSwift-Beta */ = {
			isa = XCSwiftPackageProductDependency;
			package = A31635EC27F25CE00029077E /* XCRemoteSwiftPackageReference "firebase-ios-sdk" */;
			productName = "FirebaseDatabaseSwift-Beta";
		};
		A316360127F25CE00029077E /* FirebaseDynamicLinks */ = {
			isa = XCSwiftPackageProductDependency;
			package = A31635EC27F25CE00029077E /* XCRemoteSwiftPackageReference "firebase-ios-sdk" */;
			productName = FirebaseDynamicLinks;
		};
		A316360327F25CE00029077E /* FirebaseFirestore */ = {
			isa = XCSwiftPackageProductDependency;
			package = A31635EC27F25CE00029077E /* XCRemoteSwiftPackageReference "firebase-ios-sdk" */;
			productName = FirebaseFirestore;
		};
		A316360527F25CE00029077E /* FirebaseFirestoreCombine-Community */ = {
			isa = XCSwiftPackageProductDependency;
			package = A31635EC27F25CE00029077E /* XCRemoteSwiftPackageReference "firebase-ios-sdk" */;
			productName = "FirebaseFirestoreCombine-Community";
		};
		A316360727F25CE00029077E /* FirebaseFirestoreSwift-Beta */ = {
			isa = XCSwiftPackageProductDependency;
			package = A31635EC27F25CE00029077E /* XCRemoteSwiftPackageReference "firebase-ios-sdk" */;
			productName = "FirebaseFirestoreSwift-Beta";
		};
		A316360927F25CE00029077E /* FirebaseFunctions */ = {
			isa = XCSwiftPackageProductDependency;
			package = A31635EC27F25CE00029077E /* XCRemoteSwiftPackageReference "firebase-ios-sdk" */;
			productName = FirebaseFunctions;
		};
		A316360B27F25CE00029077E /* FirebaseFunctionsCombine-Community */ = {
			isa = XCSwiftPackageProductDependency;
			package = A31635EC27F25CE00029077E /* XCRemoteSwiftPackageReference "firebase-ios-sdk" */;
			productName = "FirebaseFunctionsCombine-Community";
		};
		A316360D27F25CE00029077E /* FirebaseFunctionsSwift-Beta */ = {
			isa = XCSwiftPackageProductDependency;
			package = A31635EC27F25CE00029077E /* XCRemoteSwiftPackageReference "firebase-ios-sdk" */;
			productName = "FirebaseFunctionsSwift-Beta";
		};
		A316360F27F25CE00029077E /* FirebaseInAppMessaging-Beta */ = {
			isa = XCSwiftPackageProductDependency;
			package = A31635EC27F25CE00029077E /* XCRemoteSwiftPackageReference "firebase-ios-sdk" */;
			productName = "FirebaseInAppMessaging-Beta";
		};
		A316361127F25CE00029077E /* FirebaseInAppMessagingSwift-Beta */ = {
			isa = XCSwiftPackageProductDependency;
			package = A31635EC27F25CE00029077E /* XCRemoteSwiftPackageReference "firebase-ios-sdk" */;
			productName = "FirebaseInAppMessagingSwift-Beta";
		};
		A316361327F25CE00029077E /* FirebaseInstallations */ = {
			isa = XCSwiftPackageProductDependency;
			package = A31635EC27F25CE00029077E /* XCRemoteSwiftPackageReference "firebase-ios-sdk" */;
			productName = FirebaseInstallations;
		};
		A316361527F25CE00029077E /* FirebaseMLModelDownloader */ = {
			isa = XCSwiftPackageProductDependency;
			package = A31635EC27F25CE00029077E /* XCRemoteSwiftPackageReference "firebase-ios-sdk" */;
			productName = FirebaseMLModelDownloader;
		};
		A316361727F25CE00029077E /* FirebaseMessaging */ = {
			isa = XCSwiftPackageProductDependency;
			package = A31635EC27F25CE00029077E /* XCRemoteSwiftPackageReference "firebase-ios-sdk" */;
			productName = FirebaseMessaging;
		};
		A316361927F25CE00029077E /* FirebasePerformance */ = {
			isa = XCSwiftPackageProductDependency;
			package = A31635EC27F25CE00029077E /* XCRemoteSwiftPackageReference "firebase-ios-sdk" */;
			productName = FirebasePerformance;
		};
		A316361B27F25CE00029077E /* FirebaseRemoteConfig */ = {
			isa = XCSwiftPackageProductDependency;
			package = A31635EC27F25CE00029077E /* XCRemoteSwiftPackageReference "firebase-ios-sdk" */;
			productName = FirebaseRemoteConfig;
		};
		A316361D27F25CE00029077E /* FirebaseRemoteConfigSwift-Beta */ = {
			isa = XCSwiftPackageProductDependency;
			package = A31635EC27F25CE00029077E /* XCRemoteSwiftPackageReference "firebase-ios-sdk" */;
			productName = "FirebaseRemoteConfigSwift-Beta";
		};
		A316361F27F25CE00029077E /* FirebaseStorage */ = {
			isa = XCSwiftPackageProductDependency;
			package = A31635EC27F25CE00029077E /* XCRemoteSwiftPackageReference "firebase-ios-sdk" */;
			productName = FirebaseStorage;
		};
		A316362127F25CE00029077E /* FirebaseStorageCombine-Community */ = {
			isa = XCSwiftPackageProductDependency;
			package = A31635EC27F25CE00029077E /* XCRemoteSwiftPackageReference "firebase-ios-sdk" */;
			productName = "FirebaseStorageCombine-Community";
		};
		A316362327F25CE00029077E /* FirebaseStorageSwift-Beta */ = {
			isa = XCSwiftPackageProductDependency;
			package = A31635EC27F25CE00029077E /* XCRemoteSwiftPackageReference "firebase-ios-sdk" */;
			productName = "FirebaseStorageSwift-Beta";
		};
/* End XCSwiftPackageProductDependency section */
	};
	rootObject = 7A0C0AFF27F2561600567393 /* Project object */;
}
